
Microsoft Visual Studio Solution File, Format Version 12.00
# Visual Studio Version 16
VisualStudioVersion = 16.0.29123.88
MinimumVisualStudioVersion = 10.0.40219.1
Project("{FAE04EC0-301F-11D3-BF4B-00C04F79EFBC}") = "AmPortal2019", "AmPortal2019\AmPortal2019.csproj", "{68F978DD-116E-4512-95BF-28C025476CD4}"
EndProject
Global
	GlobalSection(SolutionConfigurationPlatforms) = preSolution
		Debug|Any CPU = Debug|Any CPU
		Release|Any CPU = Release|Any CPU
	EndGlobalSection
	GlobalSection(ProjectConfigurationPlatforms) = postSolution
		{68F978DD-116E-4512-95BF-28C025476CD4}.Debug|Any CPU.ActiveCfg = Debug|Any CPU
		{68F978DD-116E-4512-95BF-28C025476CD4}.Debug|Any CPU.Build.0 = Debug|Any CPU
		{68F978DD-116E-4512-95BF-28C025476CD4}.Release|Any CPU.ActiveCfg = Release|Any CPU
		{68F978DD-116E-4512-95BF-28C025476CD4}.Release|Any CPU.Build.0 = Release|Any CPU
	EndGlobalSection
	GlobalSection(SolutionProperties) = preSolution
		HideSolutionNode = FALSE
	EndGlobalSection
	GlobalSection(ExtensibilityGlobals) = postSolution
		SolutionGuid = {AB4F2D87-6604-4420-99C1-2201DE6BB77A}
	EndGlobalSection
EndGlobal
